
Microsoft Visual Studio Solution File, Format Version 12.00
# Visual Studio Version 17
VisualStudioVersion = 17.7.34024.191
MinimumVisualStudioVersion = 10.0.40219.1
Project("{2150E333-8FDC-42A3-9474-1A3956D46DE8}") = "Task0", "Task0", "{F52F0411-81E3-49A8-A29D-6FA5F6635199}"
EndProject
Project("{FAE04EC0-301F-11D3-BF4B-00C04F79EFBC}") = "Tyuiu.AgafonovKS.Sprint4.Task0.V13", "Tyuiu.AgafonovKS.Sprint4.Task0.V13\Tyuiu.AgafonovKS.Sprint4.Task0.V13.csproj", "{DF22A500-392E-44B3-90CE-09E231C0877D}"
EndProject
Project("{FAE04EC0-301F-11D3-BF4B-00C04F79EFBC}") = "Tyuiu.AgafonovKS.Sprint4.Task0.V13.Lib", "Tyuiu.AgafonovKS.Sprint4.Task0.V13.Lib\Tyuiu.AgafonovKS.Sprint4.Task0.V13.Lib.csproj", "{411EA919-EB7F-4829-B53F-684B8AC66F91}"
EndProject
Project("{FAE04EC0-301F-11D3-BF4B-00C04F79EFBC}") = "Tyuiu.AgafonovKS.Sprint4.Task0.V13.Test", "Tyuiu.AgafonovKS.Sprint4.Task0.V13.Test\Tyuiu.AgafonovKS.Sprint4.Task0.V13.Test.csproj", "{16510A75-FB60-46E7-8402-F7BE283963C7}"
EndProject
Project("{2150E333-8FDC-42A3-9474-1A3956D46DE8}") = "Task1", "Task1", "{767FE539-D27B-466D-B2D3-481B1750F22E}"
EndProject
Project("{FAE04EC0-301F-11D3-BF4B-00C04F79EFBC}") = "Tyuiu.AgafonovKS.Sprint4.Task1.V3", "Tyuiu.AgafonovKS.Sprint4.Task1.V3\Tyuiu.AgafonovKS.Sprint4.Task1.V3.csproj", "{7B41398B-8046-432A-B500-23CA41F6E7EC}"
EndProject
Project("{FAE04EC0-301F-11D3-BF4B-00C04F79EFBC}") = "Tyuiu.AgafonovKS.Sprint4.Task1.V3.Lib", "Tyuiu.AgafonovKS.Sprint4.Task1.V3.Lib\Tyuiu.AgafonovKS.Sprint4.Task1.V3.Lib.csproj", "{B969F362-4FFC-40D3-A7B2-BD5C9CD525E4}"
EndProject
Project("{FAE04EC0-301F-11D3-BF4B-00C04F79EFBC}") = "Tyuiu.AgafonovKS.Sprint4.Task1.V3.Test", "Tyuiu.AgafonovKS.Sprint4.Task1.V3.Test\Tyuiu.AgafonovKS.Sprint4.Task1.V3.Test.csproj", "{D19E0DB4-F3E1-4E75-8E18-68BC5A610E2B}"
EndProject
Project("{2150E333-8FDC-42A3-9474-1A3956D46DE8}") = "Task2", "Task2", "{531B3DC7-0D9E-477A-83E1-C62413598548}"
EndProject
Project("{FAE04EC0-301F-11D3-BF4B-00C04F79EFBC}") = "Tyuiu.AgafonovKS.Sprint4.Task2.V22", "Tyuiu.AgafonovKS.Sprint4.Task2.V22\Tyuiu.AgafonovKS.Sprint4.Task2.V22.csproj", "{4B3FD7CB-A99B-4463-BB34-2296C1430AEB}"
EndProject
Project("{FAE04EC0-301F-11D3-BF4B-00C04F79EFBC}") = "Tyuiu.AgafonovKS.Sprint4.Task2.V22.Lib", "Tyuiu.AgafonovKS.Sprint4.Task2.V22.Lib\Tyuiu.AgafonovKS.Sprint4.Task2.V22.Lib.csproj", "{2102FBA2-8E5D-4A43-ADEC-B711578A7BFD}"
EndProject
Project("{FAE04EC0-301F-11D3-BF4B-00C04F79EFBC}") = "Tyuiu.AgafonovKS.Sprint4.Task2.V22.Test", "Tyuiu.AgafonovKS.Sprint4.Task2.V22.Test\Tyuiu.AgafonovKS.Sprint4.Task2.V22.Test.csproj", "{1682EC2E-C7E4-4970-AB45-BE0F25329014}"
EndProject
Project("{2150E333-8FDC-42A3-9474-1A3956D46DE8}") = "Task3", "Task3", "{CFA690C4-7C00-484A-8FF4-DBBA16CBEA84}"
EndProject
Project("{FAE04EC0-301F-11D3-BF4B-00C04F79EFBC}") = "Tyuiu.AgafonovKS.Sprint4.Task3.V3", "Tyuiu.AgafonovKS.Sprint4.Task3.V3\Tyuiu.AgafonovKS.Sprint4.Task3.V3.csproj", "{BF5E3E62-7B7B-4FC5-984C-341004C59C59}"
EndProject
Project("{FAE04EC0-301F-11D3-BF4B-00C04F79EFBC}") = "Tyuiu.AgafonovKS.Sprint4.Task3.V3.Lib", "Tyuiu.AgafonovKS.Sprint4.Task3.V3.Lib\Tyuiu.AgafonovKS.Sprint4.Task3.V3.Lib.csproj", "{E3215C92-61DC-4DF1-BD46-85CA320ECD5C}"
EndProject
Project("{FAE04EC0-301F-11D3-BF4B-00C04F79EFBC}") = "Tyuiu.AgafonovKS.Sprint4.Task3.V3.Test", "Tyuiu.AgafonovKS.Sprint4.Task3.V3.Test\Tyuiu.AgafonovKS.Sprint4.Task3.V3.Test.csproj", "{9843E05A-5C40-4B07-9DAC-9BF960F01A32}"
EndProject
Project("{2150E333-8FDC-42A3-9474-1A3956D46DE8}") = "Task4", "Task4", "{376D937E-2535-44CC-9259-36C209191FE7}"
EndProject
Project("{FAE04EC0-301F-11D3-BF4B-00C04F79EFBC}") = "Tyuiu.AgafonovKS.Sprint4.Task4.V19", "Tyuiu.AgafonovKS.Sprint4.Task4.V19\Tyuiu.AgafonovKS.Sprint4.Task4.V19.csproj", "{BA8CB563-64F8-41DA-91FE-F9CA6349C65A}"
EndProject
Project("{FAE04EC0-301F-11D3-BF4B-00C04F79EFBC}") = "Tyuiu.AgafonovKS.Sprint4.Task4.V19.Lib", "Tyuiu.AgafonovKS.Sprint4.Task4.V19.Lib\Tyuiu.AgafonovKS.Sprint4.Task4.V19.Lib.csproj", "{554E0E75-3981-4E53-9E2C-C3F03F9B474A}"
EndProject
Project("{FAE04EC0-301F-11D3-BF4B-00C04F79EFBC}") = "Tyuiu.AgafonovKS.Sprint4.Task4.V19.Test", "Tyuiu.AgafonovKS.Sprint4.Task4.V19.Test\Tyuiu.AgafonovKS.Sprint4.Task4.V19.Test.csproj", "{FE9E9023-C65A-46EF-9A59-5B664554F3A2}"
EndProject
Project("{2150E333-8FDC-42A3-9474-1A3956D46DE8}") = "Task5", "Task5", "{9B3F411B-E94D-4CB2-83D5-A28D1C823C4A}"
EndProject
Project("{FAE04EC0-301F-11D3-BF4B-00C04F79EFBC}") = "Tyuiu.AgafonovKS.Sprint4.Task5.V6", "Tyuiu.AgafonovKS.Sprint4.Task5.V6\Tyuiu.AgafonovKS.Sprint4.Task5.V6.csproj", "{DED9D23D-437B-45F0-899C-EBC4450F555E}"
EndProject
Project("{FAE04EC0-301F-11D3-BF4B-00C04F79EFBC}") = "Tyuiu.AgafonovKS.Sprint4.Task5.V6.Lib", "Tyuiu.AgafonovKS.Sprint4.Task5.V6.Lib\Tyuiu.AgafonovKS.Sprint4.Task5.V6.Lib.csproj", "{ABD303DD-E194-4F04-995F-34059F109DDD}"
EndProject
Project("{FAE04EC0-301F-11D3-BF4B-00C04F79EFBC}") = "Tyuiu.AgafonovKS.Sprint4.Task5.V6.Test", "Tyuiu.AgafonovKS.Sprint4.Task5.V6.Test\Tyuiu.AgafonovKS.Sprint4.Task5.V6.Test.csproj", "{E4CEF231-AE81-4440-9E22-4D2AD082EE42}"
EndProject
Project("{2150E333-8FDC-42A3-9474-1A3956D46DE8}") = "Task6", "Task6", "{469F7F87-9DF1-409F-A97E-BF44E59A3EB8}"
EndProject
Project("{FAE04EC0-301F-11D3-BF4B-00C04F79EFBC}") = "Tyuiu.AgafonovKS.Sprint4.Task6.V3", "Tyuiu.AgafonovKS.Sprint4.Task6.V3\Tyuiu.AgafonovKS.Sprint4.Task6.V3.csproj", "{6D62DBF9-78E9-4DED-9513-B42C2A88E0A4}"
EndProject
Project("{FAE04EC0-301F-11D3-BF4B-00C04F79EFBC}") = "Tyuiu.AgafonovKS.Sprint4.Task6.V3.Lib", "Tyuiu.AgafonovKS.Sprint4.Task6.V3.Lib\Tyuiu.AgafonovKS.Sprint4.Task6.V3.Lib.csproj", "{A6319DA8-BD61-4251-ADEE-51B44C4D4883}"
EndProject
Project("{FAE04EC0-301F-11D3-BF4B-00C04F79EFBC}") = "Tyuiu.AgafonovKS.Sprint4.Task6.V3.Test", "Tyuiu.AgafonovKS.Sprint4.Task6.V3.Test\Tyuiu.AgafonovKS.Sprint4.Task6.V3.Test.csproj", "{C2E447EC-F307-47D7-9DAA-FD017387906D}"
EndProject
Project("{2150E333-8FDC-42A3-9474-1A3956D46DE8}") = "Task7", "Task7", "{AC5C2FEE-4B61-44C8-807F-5C8ACA505588}"
EndProject
Project("{FAE04EC0-301F-11D3-BF4B-00C04F79EFBC}") = "Tyuiu.AgafonovKS.Sprint4.Task7.V7", "Tyuiu.AgafonovKS.Sprint4.Task7.V7\Tyuiu.AgafonovKS.Sprint4.Task7.V7.csproj", "{77DFC43A-8D23-4FB8-838C-67B2539108DB}"
EndProject
Project("{FAE04EC0-301F-11D3-BF4B-00C04F79EFBC}") = "Tyuiu.AgafonovKS.Sprint4.Task7.V7.Lib", "Tyuiu.AgafonovKS.Sprint4.Task7.V7.Lib\Tyuiu.AgafonovKS.Sprint4.Task7.V7.Lib.csproj", "{F4432132-ABC7-4DF1-98D0-3410837A5752}"
EndProject
Project("{FAE04EC0-301F-11D3-BF4B-00C04F79EFBC}") = "Tyuiu.AgafonovKS.Sprint4.Task7.V7.Test", "Tyuiu.AgafonovKS.Sprint4.Task7.V7.Test\Tyuiu.AgafonovKS.Sprint4.Task7.V7.Test.csproj", "{FA0E50B2-4729-43A5-8932-E3E7437860DD}"
EndProject
Global
	GlobalSection(SolutionConfigurationPlatforms) = preSolution
		Debug|Any CPU = Debug|Any CPU
		Release|Any CPU = Release|Any CPU
	EndGlobalSection
	GlobalSection(ProjectConfigurationPlatforms) = postSolution
		{DF22A500-392E-44B3-90CE-09E231C0877D}.Debug|Any CPU.ActiveCfg = Debug|Any CPU
		{DF22A500-392E-44B3-90CE-09E231C0877D}.Debug|Any CPU.Build.0 = Debug|Any CPU
		{DF22A500-392E-44B3-90CE-09E231C0877D}.Release|Any CPU.ActiveCfg = Release|Any CPU
		{DF22A500-392E-44B3-90CE-09E231C0877D}.Release|Any CPU.Build.0 = Release|Any CPU
		{411EA919-EB7F-4829-B53F-684B8AC66F91}.Debug|Any CPU.ActiveCfg = Debug|Any CPU
		{411EA919-EB7F-4829-B53F-684B8AC66F91}.Debug|Any CPU.Build.0 = Debug|Any CPU
		{411EA919-EB7F-4829-B53F-684B8AC66F91}.Release|Any CPU.ActiveCfg = Release|Any CPU
		{411EA919-EB7F-4829-B53F-684B8AC66F91}.Release|Any CPU.Build.0 = Release|Any CPU
		{16510A75-FB60-46E7-8402-F7BE283963C7}.Debug|Any CPU.ActiveCfg = Debug|Any CPU
		{16510A75-FB60-46E7-8402-F7BE283963C7}.Debug|Any CPU.Build.0 = Debug|Any CPU
		{16510A75-FB60-46E7-8402-F7BE283963C7}.Release|Any CPU.ActiveCfg = Release|Any CPU
		{16510A75-FB60-46E7-8402-F7BE283963C7}.Release|Any CPU.Build.0 = Release|Any CPU
		{7B41398B-8046-432A-B500-23CA41F6E7EC}.Debug|Any CPU.ActiveCfg = Debug|Any CPU
		{7B41398B-8046-432A-B500-23CA41F6E7EC}.Debug|Any CPU.Build.0 = Debug|Any CPU
		{7B41398B-8046-432A-B500-23CA41F6E7EC}.Release|Any CPU.ActiveCfg = Release|Any CPU
		{7B41398B-8046-432A-B500-23CA41F6E7EC}.Release|Any CPU.Build.0 = Release|Any CPU
		{B969F362-4FFC-40D3-A7B2-BD5C9CD525E4}.Debug|Any CPU.ActiveCfg = Debug|Any CPU
		{B969F362-4FFC-40D3-A7B2-BD5C9CD525E4}.Debug|Any CPU.Build.0 = Debug|Any CPU
		{B969F362-4FFC-40D3-A7B2-BD5C9CD525E4}.Release|Any CPU.ActiveCfg = Release|Any CPU
		{B969F362-4FFC-40D3-A7B2-BD5C9CD525E4}.Release|Any CPU.Build.0 = Release|Any CPU
		{D19E0DB4-F3E1-4E75-8E18-68BC5A610E2B}.Debug|Any CPU.ActiveCfg = Debug|Any CPU
		{D19E0DB4-F3E1-4E75-8E18-68BC5A610E2B}.Debug|Any CPU.Build.0 = Debug|Any CPU
		{D19E0DB4-F3E1-4E75-8E18-68BC5A610E2B}.Release|Any CPU.ActiveCfg = Release|Any CPU
		{D19E0DB4-F3E1-4E75-8E18-68BC5A610E2B}.Release|Any CPU.Build.0 = Release|Any CPU
		{4B3FD7CB-A99B-4463-BB34-2296C1430AEB}.Debug|Any CPU.ActiveCfg = Debug|Any CPU
		{4B3FD7CB-A99B-4463-BB34-2296C1430AEB}.Debug|Any CPU.Build.0 = Debug|Any CPU
		{4B3FD7CB-A99B-4463-BB34-2296C1430AEB}.Release|Any CPU.ActiveCfg = Release|Any CPU
		{4B3FD7CB-A99B-4463-BB34-2296C1430AEB}.Release|Any CPU.Build.0 = Release|Any CPU
		{2102FBA2-8E5D-4A43-ADEC-B711578A7BFD}.Debug|Any CPU.ActiveCfg = Debug|Any CPU
		{2102FBA2-8E5D-4A43-ADEC-B711578A7BFD}.Debug|Any CPU.Build.0 = Debug|Any CPU
		{2102FBA2-8E5D-4A43-ADEC-B711578A7BFD}.Release|Any CPU.ActiveCfg = Release|Any CPU
		{2102FBA2-8E5D-4A43-ADEC-B711578A7BFD}.Release|Any CPU.Build.0 = Release|Any CPU
		{1682EC2E-C7E4-4970-AB45-BE0F25329014}.Debug|Any CPU.ActiveCfg = Debug|Any CPU
		{1682EC2E-C7E4-4970-AB45-BE0F25329014}.Debug|Any CPU.Build.0 = Debug|Any CPU
		{1682EC2E-C7E4-4970-AB45-BE0F25329014}.Release|Any CPU.ActiveCfg = Release|Any CPU
		{1682EC2E-C7E4-4970-AB45-BE0F25329014}.Release|Any CPU.Build.0 = Release|Any CPU
		{BF5E3E62-7B7B-4FC5-984C-341004C59C59}.Debug|Any CPU.ActiveCfg = Debug|Any CPU
		{BF5E3E62-7B7B-4FC5-984C-341004C59C59}.Debug|Any CPU.Build.0 = Debug|Any CPU
		{BF5E3E62-7B7B-4FC5-984C-341004C59C59}.Release|Any CPU.ActiveCfg = Release|Any CPU
		{BF5E3E62-7B7B-4FC5-984C-341004C59C59}.Release|Any CPU.Build.0 = Release|Any CPU
		{E3215C92-61DC-4DF1-BD46-85CA320ECD5C}.Debug|Any CPU.ActiveCfg = Debug|Any CPU
		{E3215C92-61DC-4DF1-BD46-85CA320ECD5C}.Debug|Any CPU.Build.0 = Debug|Any CPU
		{E3215C92-61DC-4DF1-BD46-85CA320ECD5C}.Release|Any CPU.ActiveCfg = Release|Any CPU
		{E3215C92-61DC-4DF1-BD46-85CA320ECD5C}.Release|Any CPU.Build.0 = Release|Any CPU
		{9843E05A-5C40-4B07-9DAC-9BF960F01A32}.Debug|Any CPU.ActiveCfg = Debug|Any CPU
		{9843E05A-5C40-4B07-9DAC-9BF960F01A32}.Debug|Any CPU.Build.0 = Debug|Any CPU
		{9843E05A-5C40-4B07-9DAC-9BF960F01A32}.Release|Any CPU.ActiveCfg = Release|Any CPU
		{9843E05A-5C40-4B07-9DAC-9BF960F01A32}.Release|Any CPU.Build.0 = Release|Any CPU
		{BA8CB563-64F8-41DA-91FE-F9CA6349C65A}.Debug|Any CPU.ActiveCfg = Debug|Any CPU
		{BA8CB563-64F8-41DA-91FE-F9CA6349C65A}.Debug|Any CPU.Build.0 = Debug|Any CPU
		{BA8CB563-64F8-41DA-91FE-F9CA6349C65A}.Release|Any CPU.ActiveCfg = Release|Any CPU
		{BA8CB563-64F8-41DA-91FE-F9CA6349C65A}.Release|Any CPU.Build.0 = Release|Any CPU
		{554E0E75-3981-4E53-9E2C-C3F03F9B474A}.Debug|Any CPU.ActiveCfg = Debug|Any CPU
		{554E0E75-3981-4E53-9E2C-C3F03F9B474A}.Debug|Any CPU.Build.0 = Debug|Any CPU
		{554E0E75-3981-4E53-9E2C-C3F03F9B474A}.Release|Any CPU.ActiveCfg = Release|Any CPU
		{554E0E75-3981-4E53-9E2C-C3F03F9B474A}.Release|Any CPU.Build.0 = Release|Any CPU
		{FE9E9023-C65A-46EF-9A59-5B664554F3A2}.Debug|Any CPU.ActiveCfg = Debug|Any CPU
		{FE9E9023-C65A-46EF-9A59-5B664554F3A2}.Debug|Any CPU.Build.0 = Debug|Any CPU
		{FE9E9023-C65A-46EF-9A59-5B664554F3A2}.Release|Any CPU.ActiveCfg = Release|Any CPU
		{FE9E9023-C65A-46EF-9A59-5B664554F3A2}.Release|Any CPU.Build.0 = Release|Any CPU
		{DED9D23D-437B-45F0-899C-EBC4450F555E}.Debug|Any CPU.ActiveCfg = Debug|Any CPU
		{DED9D23D-437B-45F0-899C-EBC4450F555E}.Debug|Any CPU.Build.0 = Debug|Any CPU
		{DED9D23D-437B-45F0-899C-EBC4450F555E}.Release|Any CPU.ActiveCfg = Release|Any CPU
		{DED9D23D-437B-45F0-899C-EBC4450F555E}.Release|Any CPU.Build.0 = Release|Any CPU
		{ABD303DD-E194-4F04-995F-34059F109DDD}.Debug|Any CPU.ActiveCfg = Debug|Any CPU
		{ABD303DD-E194-4F04-995F-34059F109DDD}.Debug|Any CPU.Build.0 = Debug|Any CPU
		{ABD303DD-E194-4F04-995F-34059F109DDD}.Release|Any CPU.ActiveCfg = Release|Any CPU
		{ABD303DD-E194-4F04-995F-34059F109DDD}.Release|Any CPU.Build.0 = Release|Any CPU
		{E4CEF231-AE81-4440-9E22-4D2AD082EE42}.Debug|Any CPU.ActiveCfg = Debug|Any CPU
		{E4CEF231-AE81-4440-9E22-4D2AD082EE42}.Debug|Any CPU.Build.0 = Debug|Any CPU
		{E4CEF231-AE81-4440-9E22-4D2AD082EE42}.Release|Any CPU.ActiveCfg = Release|Any CPU
		{E4CEF231-AE81-4440-9E22-4D2AD082EE42}.Release|Any CPU.Build.0 = Release|Any CPU
		{6D62DBF9-78E9-4DED-9513-B42C2A88E0A4}.Debug|Any CPU.ActiveCfg = Debug|Any CPU
		{6D62DBF9-78E9-4DED-9513-B42C2A88E0A4}.Debug|Any CPU.Build.0 = Debug|Any CPU
		{6D62DBF9-78E9-4DED-9513-B42C2A88E0A4}.Release|Any CPU.ActiveCfg = Release|Any CPU
		{6D62DBF9-78E9-4DED-9513-B42C2A88E0A4}.Release|Any CPU.Build.0 = Release|Any CPU
		{A6319DA8-BD61-4251-ADEE-51B44C4D4883}.Debug|Any CPU.ActiveCfg = Debug|Any CPU
		{A6319DA8-BD61-4251-ADEE-51B44C4D4883}.Debug|Any CPU.Build.0 = Debug|Any CPU
		{A6319DA8-BD61-4251-ADEE-51B44C4D4883}.Release|Any CPU.ActiveCfg = Release|Any CPU
		{A6319DA8-BD61-4251-ADEE-51B44C4D4883}.Release|Any CPU.Build.0 = Release|Any CPU
		{C2E447EC-F307-47D7-9DAA-FD017387906D}.Debug|Any CPU.ActiveCfg = Debug|Any CPU
		{C2E447EC-F307-47D7-9DAA-FD017387906D}.Debug|Any CPU.Build.0 = Debug|Any CPU
		{C2E447EC-F307-47D7-9DAA-FD017387906D}.Release|Any CPU.ActiveCfg = Release|Any CPU
		{C2E447EC-F307-47D7-9DAA-FD017387906D}.Release|Any CPU.Build.0 = Release|Any CPU
		{77DFC43A-8D23-4FB8-838C-67B2539108DB}.Debug|Any CPU.ActiveCfg = Debug|Any CPU
		{77DFC43A-8D23-4FB8-838C-67B2539108DB}.Debug|Any CPU.Build.0 = Debug|Any CPU
		{77DFC43A-8D23-4FB8-838C-67B2539108DB}.Release|Any CPU.ActiveCfg = Release|Any CPU
		{77DFC43A-8D23-4FB8-838C-67B2539108DB}.Release|Any CPU.Build.0 = Release|Any CPU
		{F4432132-ABC7-4DF1-98D0-3410837A5752}.Debug|Any CPU.ActiveCfg = Debug|Any CPU
		{F4432132-ABC7-4DF1-98D0-3410837A5752}.Debug|Any CPU.Build.0 = Debug|Any CPU
		{F4432132-ABC7-4DF1-98D0-3410837A5752}.Release|Any CPU.ActiveCfg = Release|Any CPU
		{F4432132-ABC7-4DF1-98D0-3410837A5752}.Release|Any CPU.Build.0 = Release|Any CPU
		{FA0E50B2-4729-43A5-8932-E3E7437860DD}.Debug|Any CPU.ActiveCfg = Debug|Any CPU
		{FA0E50B2-4729-43A5-8932-E3E7437860DD}.Debug|Any CPU.Build.0 = Debug|Any CPU
		{FA0E50B2-4729-43A5-8932-E3E7437860DD}.Release|Any CPU.ActiveCfg = Release|Any CPU
		{FA0E50B2-4729-43A5-8932-E3E7437860DD}.Release|Any CPU.Build.0 = Release|Any CPU
	EndGlobalSection
	GlobalSection(SolutionProperties) = preSolution
		HideSolutionNode = FALSE
	EndGlobalSection
	GlobalSection(NestedProjects) = preSolution
		{DF22A500-392E-44B3-90CE-09E231C0877D} = {F52F0411-81E3-49A8-A29D-6FA5F6635199}
		{411EA919-EB7F-4829-B53F-684B8AC66F91} = {F52F0411-81E3-49A8-A29D-6FA5F6635199}
		{16510A75-FB60-46E7-8402-F7BE283963C7} = {F52F0411-81E3-49A8-A29D-6FA5F6635199}
		{7B41398B-8046-432A-B500-23CA41F6E7EC} = {767FE539-D27B-466D-B2D3-481B1750F22E}
		{B969F362-4FFC-40D3-A7B2-BD5C9CD525E4} = {767FE539-D27B-466D-B2D3-481B1750F22E}
		{D19E0DB4-F3E1-4E75-8E18-68BC5A610E2B} = {767FE539-D27B-466D-B2D3-481B1750F22E}
		{4B3FD7CB-A99B-4463-BB34-2296C1430AEB} = {531B3DC7-0D9E-477A-83E1-C62413598548}
		{2102FBA2-8E5D-4A43-ADEC-B711578A7BFD} = {531B3DC7-0D9E-477A-83E1-C62413598548}
		{1682EC2E-C7E4-4970-AB45-BE0F25329014} = {531B3DC7-0D9E-477A-83E1-C62413598548}
		{BF5E3E62-7B7B-4FC5-984C-341004C59C59} = {CFA690C4-7C00-484A-8FF4-DBBA16CBEA84}
		{E3215C92-61DC-4DF1-BD46-85CA320ECD5C} = {CFA690C4-7C00-484A-8FF4-DBBA16CBEA84}
		{9843E05A-5C40-4B07-9DAC-9BF960F01A32} = {CFA690C4-7C00-484A-8FF4-DBBA16CBEA84}
		{BA8CB563-64F8-41DA-91FE-F9CA6349C65A} = {376D937E-2535-44CC-9259-36C209191FE7}
		{554E0E75-3981-4E53-9E2C-C3F03F9B474A} = {376D937E-2535-44CC-9259-36C209191FE7}
		{FE9E9023-C65A-46EF-9A59-5B664554F3A2} = {376D937E-2535-44CC-9259-36C209191FE7}
		{DED9D23D-437B-45F0-899C-EBC4450F555E} = {9B3F411B-E94D-4CB2-83D5-A28D1C823C4A}
		{ABD303DD-E194-4F04-995F-34059F109DDD} = {9B3F411B-E94D-4CB2-83D5-A28D1C823C4A}
		{E4CEF231-AE81-4440-9E22-4D2AD082EE42} = {9B3F411B-E94D-4CB2-83D5-A28D1C823C4A}
		{6D62DBF9-78E9-4DED-9513-B42C2A88E0A4} = {469F7F87-9DF1-409F-A97E-BF44E59A3EB8}
		{A6319DA8-BD61-4251-ADEE-51B44C4D4883} = {469F7F87-9DF1-409F-A97E-BF44E59A3EB8}
		{C2E447EC-F307-47D7-9DAA-FD017387906D} = {469F7F87-9DF1-409F-A97E-BF44E59A3EB8}
		{77DFC43A-8D23-4FB8-838C-67B2539108DB} = {AC5C2FEE-4B61-44C8-807F-5C8ACA505588}
		{F4432132-ABC7-4DF1-98D0-3410837A5752} = {AC5C2FEE-4B61-44C8-807F-5C8ACA505588}
		{FA0E50B2-4729-43A5-8932-E3E7437860DD} = {AC5C2FEE-4B61-44C8-807F-5C8ACA505588}
	EndGlobalSection
	GlobalSection(ExtensibilityGlobals) = postSolution
		SolutionGuid = {BBCA17C2-4DB6-4727-9512-5006B9CAB318}
	EndGlobalSection
EndGlobal
